// !$*UTF8*$!
{
	archiveVersion = 1;
	classes = {
	};
	objectVersion = 51;
	objects = {

/* Begin PBXBuildFile section */
		0657E42CDF51A6F71965BD12 /* Pods_Po_Calculator.framework in Frameworks */ = {isa = PBXBuildFile; fileRef = 60D43DD90CE002AF76C89B70 /* Pods_Po_Calculator.framework */; };
		3E0CE9FF24F0DB6E0079EC8F /* Database.xcdatamodeld in Sources */ = {isa = PBXBuildFile; fileRef = 3E0CE9FD24F0DB6E0079EC8F /* Database.xcdatamodeld */; };
		3E0CEA0524F0E6850079EC8F /* UIColor+Extension.swift in Sources */ = {isa = PBXBuildFile; fileRef = 3E0CEA0424F0E6850079EC8F /* UIColor+Extension.swift */; };
		3E0CEA0724F0E6A40079EC8F /* UIViewController+Extension.swift in Sources */ = {isa = PBXBuildFile; fileRef = 3E0CEA0624F0E6A40079EC8F /* UIViewController+Extension.swift */; };
		3E0CEA0924F0E6B00079EC8F /* UIView+Extension.swift in Sources */ = {isa = PBXBuildFile; fileRef = 3E0CEA0824F0E6B00079EC8F /* UIView+Extension.swift */; };
		3E21D48424F3A584005EFE2C /* CustomBoard.swift in Sources */ = {isa = PBXBuildFile; fileRef = 3E21D48324F3A584005EFE2C /* CustomBoard.swift */; };
		3E3520B724E2713F00AF5FFD /* AppDelegate.swift in Sources */ = {isa = PBXBuildFile; fileRef = 3E3520B624E2713F00AF5FFD /* AppDelegate.swift */; };
		3E3520B924E2713F00AF5FFD /* SceneDelegate.swift in Sources */ = {isa = PBXBuildFile; fileRef = 3E3520B824E2713F00AF5FFD /* SceneDelegate.swift */; };
		3E3520BB24E2713F00AF5FFD /* ViewController.swift in Sources */ = {isa = PBXBuildFile; fileRef = 3E3520BA24E2713F00AF5FFD /* ViewController.swift */; };
		3E3520C024E2714100AF5FFD /* Assets.xcassets in Resources */ = {isa = PBXBuildFile; fileRef = 3E3520BF24E2714100AF5FFD /* Assets.xcassets */; };
		3E3520C324E2714100AF5FFD /* LaunchScreen.storyboard in Resources */ = {isa = PBXBuildFile; fileRef = 3E3520C124E2714100AF5FFD /* LaunchScreen.storyboard */; };
		3E36C52224EC33D10009C771 /* ListBoardViewController.swift in Sources */ = {isa = PBXBuildFile; fileRef = 3E36C52124EC33D10009C771 /* ListBoardViewController.swift */; };
		3E36C52424EC35FF0009C771 /* DetailBoardViewController.swift in Sources */ = {isa = PBXBuildFile; fileRef = 3E36C52324EC35FF0009C771 /* DetailBoardViewController.swift */; };
		3E36C52824EC382E0009C771 /* SettingBoardViewController.swift in Sources */ = {isa = PBXBuildFile; fileRef = 3E36C52724EC382E0009C771 /* SettingBoardViewController.swift */; };
		3E3AEAD224FA455700221C42 /* LineProgressViewController.swift in Sources */ = {isa = PBXBuildFile; fileRef = 3E3AEAD024FA455700221C42 /* LineProgressViewController.swift */; };
		3E3AEAD324FA455700221C42 /* CircleProgressViewController.swift in Sources */ = {isa = PBXBuildFile; fileRef = 3E3AEAD124FA455700221C42 /* CircleProgressViewController.swift */; };
		3E3AEAD524FA9B8400221C42 /* ImageNames.swift in Sources */ = {isa = PBXBuildFile; fileRef = 3E3AEAD424FA9B8400221C42 /* ImageNames.swift */; };
		3E48634924EC3BE000B7A5C4 /* Default-568h@2x.png in Resources */ = {isa = PBXBuildFile; fileRef = 3E48634824EC3BE000B7A5C4 /* Default-568h@2x.png */; };
		3E58B50324F0E799005524EA /* Color.swift in Sources */ = {isa = PBXBuildFile; fileRef = 3E58B50224F0E799005524EA /* Color.swift */; };
		3E5BECE824E4E5ED008287B7 /* Example.swift in Sources */ = {isa = PBXBuildFile; fileRef = 3E5BECE724E4E5ED008287B7 /* Example.swift */; };
		3E5F5B4A24F5E1AC00FC2DD6 /* SetupDetailCard.swift in Sources */ = {isa = PBXBuildFile; fileRef = 3E5F5B4924F5E1AC00FC2DD6 /* SetupDetailCard.swift */; };
		3E794CE024F660A1003B616A /* ListCollectionViewCell.swift in Sources */ = {isa = PBXBuildFile; fileRef = 3E794CDF24F660A1003B616A /* ListCollectionViewCell.swift */; };
		3E794CE224F66456003B616A /* CardTableViewCell.swift in Sources */ = {isa = PBXBuildFile; fileRef = 3E794CE124F66456003B616A /* CardTableViewCell.swift */; };
		3E7E4FBE24FA275A0031A0DE /* UIScrollView+Extension.swift in Sources */ = {isa = PBXBuildFile; fileRef = 3E7E4FBD24FA275A0031A0DE /* UIScrollView+Extension.swift */; };
		3E821B0624F3AD57000243F3 /* CustomList.swift in Sources */ = {isa = PBXBuildFile; fileRef = 3E821B0524F3AD57000243F3 /* CustomList.swift */; };
		3E821B0924F3AE5B000243F3 /* CustomCard.swift in Sources */ = {isa = PBXBuildFile; fileRef = 3E821B0824F3AE5B000243F3 /* CustomCard.swift */; };
		3E821B0C24F3B03D000243F3 /* CustomCheckList.swift in Sources */ = {isa = PBXBuildFile; fileRef = 3E821B0B24F3B03D000243F3 /* CustomCheckList.swift */; };
		3E821B0F24F4D78C000243F3 /* DetailCardViewController.swift in Sources */ = {isa = PBXBuildFile; fileRef = 3E821B0E24F4D78C000243F3 /* DetailCardViewController.swift */; };
		3E9609B324F8F9E500175AAE /* TableView.swift in Sources */ = {isa = PBXBuildFile; fileRef = 3E9609B224F8F9E500175AAE /* TableView.swift */; };
		3E9609B524F8F9F100175AAE /* CollectionView.swift in Sources */ = {isa = PBXBuildFile; fileRef = 3E9609B424F8F9F100175AAE /* CollectionView.swift */; };
		3E9609B824F8FA0500175AAE /* Drag.swift in Sources */ = {isa = PBXBuildFile; fileRef = 3E9609B724F8FA0500175AAE /* Drag.swift */; };
		3E9609BA24F8FA0D00175AAE /* Drop.swift in Sources */ = {isa = PBXBuildFile; fileRef = 3E9609B924F8FA0D00175AAE /* Drop.swift */; };
		3E9609BE24F8FB2100175AAE /* ContextMenu.swift in Sources */ = {isa = PBXBuildFile; fileRef = 3E9609BD24F8FB2100175AAE /* ContextMenu.swift */; };
		3EA2297924F1FF6900574894 /* BackgroundImageBoardCLVCell.swift in Sources */ = {isa = PBXBuildFile; fileRef = 3EA2297724F1FF6900574894 /* BackgroundImageBoardCLVCell.swift */; };
		3EA2297A24F1FF6900574894 /* BackgroundImageBoardCLVCell.xib in Resources */ = {isa = PBXBuildFile; fileRef = 3EA2297824F1FF6900574894 /* BackgroundImageBoardCLVCell.xib */; };
		3ECB12DF24FCF0F900A2BE0C /* SetupCreationBoardViewController.swift in Sources */ = {isa = PBXBuildFile; fileRef = 3ECB12DE24FCF0F900A2BE0C /* SetupCreationBoardViewController.swift */; };
		3ECC8D2424EAC97B002B6709 /* Main.storyboard in Resources */ = {isa = PBXBuildFile; fileRef = 3ECC8D2324EAC97B002B6709 /* Main.storyboard */; };
		3ECC8D2724EAD2A0002B6709 /* PageViewController.swift in Sources */ = {isa = PBXBuildFile; fileRef = 3ECC8D2624EAD2A0002B6709 /* PageViewController.swift */; };
		3EDAAC9624F2057100459F17 /* BackgroundColoBoardCLVCell.swift in Sources */ = {isa = PBXBuildFile; fileRef = 3EDAAC9424F2057100459F17 /* BackgroundColoBoardCLVCell.swift */; };
		3EDAAC9724F2057100459F17 /* BackgroundColoBoardCLVCell.xib in Resources */ = {isa = PBXBuildFile; fileRef = 3EDAAC9524F2057100459F17 /* BackgroundColoBoardCLVCell.xib */; };
		3EDC36CA24F168DC009D0E00 /* CreationBoardViewController.swift in Sources */ = {isa = PBXBuildFile; fileRef = 3EDC36C824F168DC009D0E00 /* CreationBoardViewController.swift */; };
		3EDC36CD24F16C46009D0E00 /* CreationBoardViewController.xib in Resources */ = {isa = PBXBuildFile; fileRef = 3EDC36CC24F16C46009D0E00 /* CreationBoardViewController.xib */; };
		3EE0850124EA5F62007455E8 /* ProgressingViewController.swift in Sources */ = {isa = PBXBuildFile; fileRef = 3EE0850024EA5F62007455E8 /* ProgressingViewController.swift */; };
		3EE0850424EA5F9A007455E8 /* LineProgressView.swift in Sources */ = {isa = PBXBuildFile; fileRef = 3EE0850224EA5F9A007455E8 /* LineProgressView.swift */; };
		3EE0850524EA5F9A007455E8 /* CircularProgressView.swift in Sources */ = {isa = PBXBuildFile; fileRef = 3EE0850324EA5F9A007455E8 /* CircularProgressView.swift */; };
		3EED45B124ECCA87009B305D /* BoardTableViewCell.swift in Sources */ = {isa = PBXBuildFile; fileRef = 3EED45AF24ECCA87009B305D /* BoardTableViewCell.swift */; };
		3EED45B224ECCA87009B305D /* BoardTableViewCell.xib in Resources */ = {isa = PBXBuildFile; fileRef = 3EED45B024ECCA87009B305D /* BoardTableViewCell.xib */; };
		3EF5FC7024E3C1E9008D56A0 /* String+Extensions.swift in Sources */ = {isa = PBXBuildFile; fileRef = 3EF5FC6F24E3C1E8008D56A0 /* String+Extensions.swift */; };
/* End PBXBuildFile section */

/* Begin PBXFileReference section */
		3E0CE9FE24F0DB6E0079EC8F /* Database.xcdatamodel */ = {isa = PBXFileReference; lastKnownFileType = wrapper.xcdatamodel; path = Database.xcdatamodel; sourceTree = "<group>"; };
		3E0CEA0424F0E6850079EC8F /* UIColor+Extension.swift */ = {isa = PBXFileReference; lastKnownFileType = sourcecode.swift; path = "UIColor+Extension.swift"; sourceTree = "<group>"; };
		3E0CEA0624F0E6A40079EC8F /* UIViewController+Extension.swift */ = {isa = PBXFileReference; lastKnownFileType = sourcecode.swift; path = "UIViewController+Extension.swift"; sourceTree = "<group>"; };
		3E0CEA0824F0E6B00079EC8F /* UIView+Extension.swift */ = {isa = PBXFileReference; lastKnownFileType = sourcecode.swift; path = "UIView+Extension.swift"; sourceTree = "<group>"; };
		3E21D48324F3A584005EFE2C /* CustomBoard.swift */ = {isa = PBXFileReference; lastKnownFileType = sourcecode.swift; path = CustomBoard.swift; sourceTree = "<group>"; };
		3E3520B324E2713F00AF5FFD /* Po_Calculator.app */ = {isa = PBXFileReference; explicitFileType = wrapper.application; includeInIndex = 0; path = Po_Calculator.app; sourceTree = BUILT_PRODUCTS_DIR; };
		3E3520B624E2713F00AF5FFD /* AppDelegate.swift */ = {isa = PBXFileReference; lastKnownFileType = sourcecode.swift; path = AppDelegate.swift; sourceTree = "<group>"; };
		3E3520B824E2713F00AF5FFD /* SceneDelegate.swift */ = {isa = PBXFileReference; lastKnownFileType = sourcecode.swift; path = SceneDelegate.swift; sourceTree = "<group>"; };
		3E3520BA24E2713F00AF5FFD /* ViewController.swift */ = {isa = PBXFileReference; lastKnownFileType = sourcecode.swift; path = ViewController.swift; sourceTree = "<group>"; };
		3E3520BF24E2714100AF5FFD /* Assets.xcassets */ = {isa = PBXFileReference; lastKnownFileType = folder.assetcatalog; path = Assets.xcassets; sourceTree = "<group>"; };
		3E3520C224E2714100AF5FFD /* Base */ = {isa = PBXFileReference; lastKnownFileType = file.storyboard; name = Base; path = Base.lproj/LaunchScreen.storyboard; sourceTree = "<group>"; };
		3E3520C424E2714100AF5FFD /* Info.plist */ = {isa = PBXFileReference; lastKnownFileType = text.plist.xml; path = Info.plist; sourceTree = "<group>"; };
		3E36C52124EC33D10009C771 /* ListBoardViewController.swift */ = {isa = PBXFileReference; lastKnownFileType = sourcecode.swift; path = ListBoardViewController.swift; sourceTree = "<group>"; };
		3E36C52324EC35FF0009C771 /* DetailBoardViewController.swift */ = {isa = PBXFileReference; lastKnownFileType = sourcecode.swift; path = DetailBoardViewController.swift; sourceTree = "<group>"; };
		3E36C52724EC382E0009C771 /* SettingBoardViewController.swift */ = {isa = PBXFileReference; lastKnownFileType = sourcecode.swift; path = SettingBoardViewController.swift; sourceTree = "<group>"; };
		3E3AEAD024FA455700221C42 /* LineProgressViewController.swift */ = {isa = PBXFileReference; fileEncoding = 4; lastKnownFileType = sourcecode.swift; path = LineProgressViewController.swift; sourceTree = "<group>"; };
		3E3AEAD124FA455700221C42 /* CircleProgressViewController.swift */ = {isa = PBXFileReference; fileEncoding = 4; lastKnownFileType = sourcecode.swift; path = CircleProgressViewController.swift; sourceTree = "<group>"; };
		3E3AEAD424FA9B8400221C42 /* ImageNames.swift */ = {isa = PBXFileReference; lastKnownFileType = sourcecode.swift; path = ImageNames.swift; sourceTree = "<group>"; };
		3E48634824EC3BE000B7A5C4 /* Default-568h@2x.png */ = {isa = PBXFileReference; lastKnownFileType = image.png; path = "Default-568h@2x.png"; sourceTree = "<group>"; };
		3E58B50224F0E799005524EA /* Color.swift */ = {isa = PBXFileReference; lastKnownFileType = sourcecode.swift; path = Color.swift; sourceTree = "<group>"; };
		3E5BECE724E4E5ED008287B7 /* Example.swift */ = {isa = PBXFileReference; lastKnownFileType = sourcecode.swift; path = Example.swift; sourceTree = "<group>"; };
		3E5F5B4924F5E1AC00FC2DD6 /* SetupDetailCard.swift */ = {isa = PBXFileReference; lastKnownFileType = sourcecode.swift; path = SetupDetailCard.swift; sourceTree = "<group>"; };
		3E794CDF24F660A1003B616A /* ListCollectionViewCell.swift */ = {isa = PBXFileReference; lastKnownFileType = sourcecode.swift; path = ListCollectionViewCell.swift; sourceTree = "<group>"; };
		3E794CE124F66456003B616A /* CardTableViewCell.swift */ = {isa = PBXFileReference; lastKnownFileType = sourcecode.swift; path = CardTableViewCell.swift; sourceTree = "<group>"; };
		3E7E4FBD24FA275A0031A0DE /* UIScrollView+Extension.swift */ = {isa = PBXFileReference; lastKnownFileType = sourcecode.swift; path = "UIScrollView+Extension.swift"; sourceTree = "<group>"; };
		3E821B0524F3AD57000243F3 /* CustomList.swift */ = {isa = PBXFileReference; lastKnownFileType = sourcecode.swift; path = CustomList.swift; sourceTree = "<group>"; };
		3E821B0824F3AE5B000243F3 /* CustomCard.swift */ = {isa = PBXFileReference; lastKnownFileType = sourcecode.swift; path = CustomCard.swift; sourceTree = "<group>"; };
		3E821B0B24F3B03D000243F3 /* CustomCheckList.swift */ = {isa = PBXFileReference; lastKnownFileType = sourcecode.swift; path = CustomCheckList.swift; sourceTree = "<group>"; };
		3E821B0E24F4D78C000243F3 /* DetailCardViewController.swift */ = {isa = PBXFileReference; lastKnownFileType = sourcecode.swift; path = DetailCardViewController.swift; sourceTree = "<group>"; };
		3E9609B224F8F9E500175AAE /* TableView.swift */ = {isa = PBXFileReference; lastKnownFileType = sourcecode.swift; path = TableView.swift; sourceTree = "<group>"; };
		3E9609B424F8F9F100175AAE /* CollectionView.swift */ = {isa = PBXFileReference; lastKnownFileType = sourcecode.swift; path = CollectionView.swift; sourceTree = "<group>"; };
		3E9609B724F8FA0500175AAE /* Drag.swift */ = {isa = PBXFileReference; lastKnownFileType = sourcecode.swift; path = Drag.swift; sourceTree = "<group>"; };
		3E9609B924F8FA0D00175AAE /* Drop.swift */ = {isa = PBXFileReference; lastKnownFileType = sourcecode.swift; path = Drop.swift; sourceTree = "<group>"; };
		3E9609BD24F8FB2100175AAE /* ContextMenu.swift */ = {isa = PBXFileReference; lastKnownFileType = sourcecode.swift; path = ContextMenu.swift; sourceTree = "<group>"; };
		3EA2297724F1FF6900574894 /* BackgroundImageBoardCLVCell.swift */ = {isa = PBXFileReference; lastKnownFileType = sourcecode.swift; path = BackgroundImageBoardCLVCell.swift; sourceTree = "<group>"; };
		3EA2297824F1FF6900574894 /* BackgroundImageBoardCLVCell.xib */ = {isa = PBXFileReference; lastKnownFileType = file.xib; path = BackgroundImageBoardCLVCell.xib; sourceTree = "<group>"; };
		3ECB12DE24FCF0F900A2BE0C /* SetupCreationBoardViewController.swift */ = {isa = PBXFileReference; lastKnownFileType = sourcecode.swift; path = SetupCreationBoardViewController.swift; sourceTree = "<group>"; };
		3ECC8D2324EAC97B002B6709 /* Main.storyboard */ = {isa = PBXFileReference; fileEncoding = 4; lastKnownFileType = file.storyboard; path = Main.storyboard; sourceTree = "<group>"; };
		3ECC8D2624EAD2A0002B6709 /* PageViewController.swift */ = {isa = PBXFileReference; lastKnownFileType = sourcecode.swift; path = PageViewController.swift; sourceTree = "<group>"; };
		3EDAAC9424F2057100459F17 /* BackgroundColoBoardCLVCell.swift */ = {isa = PBXFileReference; lastKnownFileType = sourcecode.swift; path = BackgroundColoBoardCLVCell.swift; sourceTree = "<group>"; };
		3EDAAC9524F2057100459F17 /* BackgroundColoBoardCLVCell.xib */ = {isa = PBXFileReference; lastKnownFileType = file.xib; path = BackgroundColoBoardCLVCell.xib; sourceTree = "<group>"; };
		3EDC36C824F168DC009D0E00 /* CreationBoardViewController.swift */ = {isa = PBXFileReference; lastKnownFileType = sourcecode.swift; path = CreationBoardViewController.swift; sourceTree = "<group>"; };
		3EDC36CC24F16C46009D0E00 /* CreationBoardViewController.xib */ = {isa = PBXFileReference; fileEncoding = 4; lastKnownFileType = file.xib; path = CreationBoardViewController.xib; sourceTree = "<group>"; };
		3EE0850024EA5F62007455E8 /* ProgressingViewController.swift */ = {isa = PBXFileReference; lastKnownFileType = sourcecode.swift; path = ProgressingViewController.swift; sourceTree = "<group>"; };
		3EE0850224EA5F9A007455E8 /* LineProgressView.swift */ = {isa = PBXFileReference; fileEncoding = 4; lastKnownFileType = sourcecode.swift; path = LineProgressView.swift; sourceTree = "<group>"; };
		3EE0850324EA5F9A007455E8 /* CircularProgressView.swift */ = {isa = PBXFileReference; fileEncoding = 4; lastKnownFileType = sourcecode.swift; path = CircularProgressView.swift; sourceTree = "<group>"; };
		3EED45AF24ECCA87009B305D /* BoardTableViewCell.swift */ = {isa = PBXFileReference; lastKnownFileType = sourcecode.swift; path = BoardTableViewCell.swift; sourceTree = "<group>"; };
		3EED45B024ECCA87009B305D /* BoardTableViewCell.xib */ = {isa = PBXFileReference; lastKnownFileType = file.xib; path = BoardTableViewCell.xib; sourceTree = "<group>"; };
		3EF5FC6F24E3C1E8008D56A0 /* String+Extensions.swift */ = {isa = PBXFileReference; lastKnownFileType = sourcecode.swift; path = "String+Extensions.swift"; sourceTree = "<group>"; };
		54ADD043A1218E6E31B7B8CC /* Pods-Po_Calculator.debug.xcconfig */ = {isa = PBXFileReference; includeInIndex = 1; lastKnownFileType = text.xcconfig; name = "Pods-Po_Calculator.debug.xcconfig"; path = "Target Support Files/Pods-Po_Calculator/Pods-Po_Calculator.debug.xcconfig"; sourceTree = "<group>"; };
		60D43DD90CE002AF76C89B70 /* Pods_Po_Calculator.framework */ = {isa = PBXFileReference; explicitFileType = wrapper.framework; includeInIndex = 0; path = Pods_Po_Calculator.framework; sourceTree = BUILT_PRODUCTS_DIR; };
		DE6119362A25DAAFC4915DBD /* Pods-Po_Calculator.release.xcconfig */ = {isa = PBXFileReference; includeInIndex = 1; lastKnownFileType = text.xcconfig; name = "Pods-Po_Calculator.release.xcconfig"; path = "Target Support Files/Pods-Po_Calculator/Pods-Po_Calculator.release.xcconfig"; sourceTree = "<group>"; };
/* End PBXFileReference section */

/* Begin PBXFrameworksBuildPhase section */
		3E3520B024E2713F00AF5FFD /* Frameworks */ = {
			isa = PBXFrameworksBuildPhase;
			buildActionMask = 2147483647;
			files = (
				0657E42CDF51A6F71965BD12 /* Pods_Po_Calculator.framework in Frameworks */,
			);
			runOnlyForDeploymentPostprocessing = 0;
		};
/* End PBXFrameworksBuildPhase section */

/* Begin PBXGroup section */
		0FEE2F64636181FB09CB4D2E /* Pods */ = {
			isa = PBXGroup;
			children = (
				54ADD043A1218E6E31B7B8CC /* Pods-Po_Calculator.debug.xcconfig */,
				DE6119362A25DAAFC4915DBD /* Pods-Po_Calculator.release.xcconfig */,
			);
			path = Pods;
			sourceTree = "<group>";
		};
		3E21D48224F3A56F005EFE2C /* Board */ = {
			isa = PBXGroup;
			children = (
				3E21D48324F3A584005EFE2C /* CustomBoard.swift */,
			);
			path = Board;
			sourceTree = "<group>";
		};
		3E3520AA24E2713F00AF5FFD = {
			isa = PBXGroup;
			children = (
				3E48634824EC3BE000B7A5C4 /* Default-568h@2x.png */,
				3E3520B524E2713F00AF5FFD /* Po_Calculator */,
				3E3520B424E2713F00AF5FFD /* Products */,
				0FEE2F64636181FB09CB4D2E /* Pods */,
				74CAD305AE0DBECBD46D0420 /* Frameworks */,
			);
			sourceTree = "<group>";
		};
		3E3520B424E2713F00AF5FFD /* Products */ = {
			isa = PBXGroup;
			children = (
				3E3520B324E2713F00AF5FFD /* Po_Calculator.app */,
			);
			name = Products;
			sourceTree = "<group>";
		};
		3E3520B524E2713F00AF5FFD /* Po_Calculator */ = {
			isa = PBXGroup;
			children = (
				3E3520C424E2714100AF5FFD /* Info.plist */,
				3E48634624EC3B7B00B7A5C4 /* Resources */,
				3E5BECEA24E4E7C9008287B7 /* View */,
				3E5BECE924E4E7BD008287B7 /* Controller */,
				3E5BECE624E4E5DC008287B7 /* Model */,
			);
			path = Po_Calculator;
			sourceTree = "<group>";
		};
		3E36C51F24EC31600009C771 /* Trello */ = {
			isa = PBXGroup;
			children = (
				3EDC36C724F168B4009D0E00 /* CreationBoard */,
				3EED45B024ECCA87009B305D /* BoardTableViewCell.xib */,
			);
			path = Trello;
			sourceTree = "<group>";
		};
		3E36C52024EC33B80009C771 /* Trello */ = {
			isa = PBXGroup;
			children = (
				3E821B0D24F4D772000243F3 /* DetailCard */,
				3E88DBD924EF9EB300278A89 /* CreationBoard */,
				3ED4E59424ECDCE30052CB5E /* DetailBoard */,
				3EED45AF24ECCA87009B305D /* BoardTableViewCell.swift */,
				3E36C52124EC33D10009C771 /* ListBoardViewController.swift */,
				3E36C52724EC382E0009C771 /* SettingBoardViewController.swift */,
			);
			path = Trello;
			sourceTree = "<group>";
		};
		3E48634624EC3B7B00B7A5C4 /* Resources */ = {
			isa = PBXGroup;
			children = (
				3E3520B624E2713F00AF5FFD /* AppDelegate.swift */,
				3E3520B824E2713F00AF5FFD /* SceneDelegate.swift */,
				3E3520BF24E2714100AF5FFD /* Assets.xcassets */,
			);
			path = Resources;
			sourceTree = "<group>";
		};
		3E48634724EC3B8C00B7A5C4 /* Extensions */ = {
			isa = PBXGroup;
			children = (
				3EF5FC6F24E3C1E8008D56A0 /* String+Extensions.swift */,
				3E0CEA0424F0E6850079EC8F /* UIColor+Extension.swift */,
				3E0CEA0624F0E6A40079EC8F /* UIViewController+Extension.swift */,
				3E0CEA0824F0E6B00079EC8F /* UIView+Extension.swift */,
				3E7E4FBD24FA275A0031A0DE /* UIScrollView+Extension.swift */,
			);
			path = Extensions;
			sourceTree = "<group>";
		};
		3E5BECE624E4E5DC008287B7 /* Model */ = {
			isa = PBXGroup;
			children = (
				3E821B0A24F3B02A000243F3 /* CheckList */,
				3E821B0724F3AE4F000243F3 /* Card */,
				3E821B0424F3AD48000243F3 /* List */,
				3E21D48224F3A56F005EFE2C /* Board */,
				3E5BECE724E4E5ED008287B7 /* Example.swift */,
				3E0CE9FD24F0DB6E0079EC8F /* Database.xcdatamodeld */,
				3E58B50224F0E799005524EA /* Color.swift */,
				3E3AEAD424FA9B8400221C42 /* ImageNames.swift */,
			);
			path = Model;
			sourceTree = "<group>";
		};
		3E5BECE924E4E7BD008287B7 /* Controller */ = {
			isa = PBXGroup;
			children = (
				3ED4E59624ECDD1D0052CB5E /* Progressing */,
				3ED4E59524ECDD000052CB5E /* Calculator */,
				3E48634724EC3B8C00B7A5C4 /* Extensions */,
				3E36C52024EC33B80009C771 /* Trello */,
			);
			path = Controller;
			sourceTree = "<group>";
		};
		3E5BECEA24E4E7C9008287B7 /* View */ = {
			isa = PBXGroup;
			children = (
				3E36C51F24EC31600009C771 /* Trello */,
				3ECC8D2324EAC97B002B6709 /* Main.storyboard */,
				3E3520C124E2714100AF5FFD /* LaunchScreen.storyboard */,
			);
			path = View;
			sourceTree = "<group>";
		};
		3E821B0424F3AD48000243F3 /* List */ = {
			isa = PBXGroup;
			children = (
				3E821B0524F3AD57000243F3 /* CustomList.swift */,
			);
			path = List;
			sourceTree = "<group>";
		};
		3E821B0724F3AE4F000243F3 /* Card */ = {
			isa = PBXGroup;
			children = (
				3E821B0824F3AE5B000243F3 /* CustomCard.swift */,
			);
			path = Card;
			sourceTree = "<group>";
		};
		3E821B0A24F3B02A000243F3 /* CheckList */ = {
			isa = PBXGroup;
			children = (
				3E821B0B24F3B03D000243F3 /* CustomCheckList.swift */,
			);
			path = CheckList;
			sourceTree = "<group>";
		};
		3E821B0D24F4D772000243F3 /* DetailCard */ = {
			isa = PBXGroup;
			children = (
				3E821B0E24F4D78C000243F3 /* DetailCardViewController.swift */,
				3E5F5B4924F5E1AC00FC2DD6 /* SetupDetailCard.swift */,
			);
			path = DetailCard;
			sourceTree = "<group>";
		};
		3E88DBD924EF9EB300278A89 /* CreationBoard */ = {
			isa = PBXGroup;
			children = (
				3EDAAC9424F2057100459F17 /* BackgroundColoBoardCLVCell.swift */,
				3EA2297724F1FF6900574894 /* BackgroundImageBoardCLVCell.swift */,
				3EDC36C824F168DC009D0E00 /* CreationBoardViewController.swift */,
				3ECB12DE24FCF0F900A2BE0C /* SetupCreationBoardViewController.swift */,
			);
			path = CreationBoard;
			sourceTree = "<group>";
		};
		3E9609B024F8F9B600175AAE /* CustomCell */ = {
			isa = PBXGroup;
			children = (
				3E794CDF24F660A1003B616A /* ListCollectionViewCell.swift */,
				3E794CE124F66456003B616A /* CardTableViewCell.swift */,
			);
			path = CustomCell;
			sourceTree = "<group>";
		};
		3E9609B124F8F9CE00175AAE /* Delegates */ = {
			isa = PBXGroup;
			children = (
				3E9609BC24F8FB0D00175AAE /* ContextMenu */,
				3E9609BB24F8FB0300175AAE /* CollectionView */,
				3E9609B624F8F9F600175AAE /* TableView */,
			);
			path = Delegates;
			sourceTree = "<group>";
		};
		3E9609B624F8F9F600175AAE /* TableView */ = {
			isa = PBXGroup;
			children = (
				3E9609B224F8F9E500175AAE /* TableView.swift */,
				3E9609B724F8FA0500175AAE /* Drag.swift */,
				3E9609B924F8FA0D00175AAE /* Drop.swift */,
			);
			path = TableView;
			sourceTree = "<group>";
		};
		3E9609BB24F8FB0300175AAE /* CollectionView */ = {
			isa = PBXGroup;
			children = (
				3E9609B424F8F9F100175AAE /* CollectionView.swift */,
			);
			path = CollectionView;
			sourceTree = "<group>";
		};
		3E9609BC24F8FB0D00175AAE /* ContextMenu */ = {
			isa = PBXGroup;
			children = (
				3E9609BD24F8FB2100175AAE /* ContextMenu.swift */,
			);
			path = ContextMenu;
			sourceTree = "<group>";
		};
		3ECC8D2524EAD276002B6709 /* UIPageViewController */ = {
			isa = PBXGroup;
			children = (
				3E3AEAD124FA455700221C42 /* CircleProgressViewController.swift */,
				3E3AEAD024FA455700221C42 /* LineProgressViewController.swift */,
				3ECC8D2624EAD2A0002B6709 /* PageViewController.swift */,
			);
			path = UIPageViewController;
			sourceTree = "<group>";
		};
		3ED4E59424ECDCE30052CB5E /* DetailBoard */ = {
			isa = PBXGroup;
			children = (
				3E36C52324EC35FF0009C771 /* DetailBoardViewController.swift */,
				3E9609B124F8F9CE00175AAE /* Delegates */,
				3E9609B024F8F9B600175AAE /* CustomCell */,
			);
			path = DetailBoard;
			sourceTree = "<group>";
		};
		3ED4E59524ECDD000052CB5E /* Calculator */ = {
			isa = PBXGroup;
			children = (
				3E3520BA24E2713F00AF5FFD /* ViewController.swift */,
			);
			path = Calculator;
			sourceTree = "<group>";
		};
		3ED4E59624ECDD1D0052CB5E /* Progressing */ = {
			isa = PBXGroup;
			children = (
				3EE0850024EA5F62007455E8 /* ProgressingViewController.swift */,
				3EE0850224EA5F9A007455E8 /* LineProgressView.swift */,
				3EE0850324EA5F9A007455E8 /* CircularProgressView.swift */,
				3ECC8D2524EAD276002B6709 /* UIPageViewController */,
			);
			path = Progressing;
			sourceTree = "<group>";
		};
		3EDC36C724F168B4009D0E00 /* CreationBoard */ = {
			isa = PBXGroup;
			children = (
				3EDAAC9524F2057100459F17 /* BackgroundColoBoardCLVCell.xib */,
				3EA2297824F1FF6900574894 /* BackgroundImageBoardCLVCell.xib */,
				3EDC36CC24F16C46009D0E00 /* CreationBoardViewController.xib */,
			);
			path = CreationBoard;
			sourceTree = "<group>";
		};
		74CAD305AE0DBECBD46D0420 /* Frameworks */ = {
			isa = PBXGroup;
			children = (
				60D43DD90CE002AF76C89B70 /* Pods_Po_Calculator.framework */,
			);
			name = Frameworks;
			sourceTree = "<group>";
		};
/* End PBXGroup section */

/* Begin PBXNativeTarget section */
		3E3520B224E2713F00AF5FFD /* Po_Calculator */ = {
			isa = PBXNativeTarget;
			buildConfigurationList = 3E3520C724E2714100AF5FFD /* Build configuration list for PBXNativeTarget "Po_Calculator" */;
			buildPhases = (
				3269979BC5A3D88E341ACF52 /* [CP] Check Pods Manifest.lock */,
				3E3520AF24E2713F00AF5FFD /* Sources */,
				3E3520B024E2713F00AF5FFD /* Frameworks */,
				3E3520B124E2713F00AF5FFD /* Resources */,
				5B7077F1276F2427C2416351 /* [CP] Embed Pods Frameworks */,
			);
			buildRules = (
			);
			dependencies = (
			);
			name = Po_Calculator;
			productName = Po_Calculator;
			productReference = 3E3520B324E2713F00AF5FFD /* Po_Calculator.app */;
			productType = "com.apple.product-type.application";
		};
/* End PBXNativeTarget section */

/* Begin PBXProject section */
		3E3520AB24E2713F00AF5FFD /* Project object */ = {
			isa = PBXProject;
			attributes = {
				LastSwiftUpdateCheck = 1160;
				LastUpgradeCheck = 1160;
				ORGANIZATIONNAME = "Phúc Lý";
				TargetAttributes = {
					3E3520B224E2713F00AF5FFD = {
						CreatedOnToolsVersion = 11.6;
					};
				};
			};
			buildConfigurationList = 3E3520AE24E2713F00AF5FFD /* Build configuration list for PBXProject "Po_Calculator" */;
			compatibilityVersion = "Xcode 9.3";
			developmentRegion = en;
			hasScannedForEncodings = 0;
			knownRegions = (
				en,
				Base,
			);
			mainGroup = 3E3520AA24E2713F00AF5FFD;
			productRefGroup = 3E3520B424E2713F00AF5FFD /* Products */;
			projectDirPath = "";
			projectRoot = "";
			targets = (
				3E3520B224E2713F00AF5FFD /* Po_Calculator */,
			);
		};
/* End PBXProject section */

/* Begin PBXResourcesBuildPhase section */
		3E3520B124E2713F00AF5FFD /* Resources */ = {
			isa = PBXResourcesBuildPhase;
			buildActionMask = 2147483647;
			files = (
				3EA2297A24F1FF6900574894 /* BackgroundImageBoardCLVCell.xib in Resources */,
				3EDAAC9724F2057100459F17 /* BackgroundColoBoardCLVCell.xib in Resources */,
				3ECC8D2424EAC97B002B6709 /* Main.storyboard in Resources */,
				3E48634924EC3BE000B7A5C4 /* Default-568h@2x.png in Resources */,
				3EDC36CD24F16C46009D0E00 /* CreationBoardViewController.xib in Resources */,
				3E3520C324E2714100AF5FFD /* LaunchScreen.storyboard in Resources */,
				3E3520C024E2714100AF5FFD /* Assets.xcassets in Resources */,
				3EED45B224ECCA87009B305D /* BoardTableViewCell.xib in Resources */,
			);
			runOnlyForDeploymentPostprocessing = 0;
		};
/* End PBXResourcesBuildPhase section */

/* Begin PBXShellScriptBuildPhase section */
		3269979BC5A3D88E341ACF52 /* [CP] Check Pods Manifest.lock */ = {
			isa = PBXShellScriptBuildPhase;
			buildActionMask = 2147483647;
			files = (
			);
			inputFileListPaths = (
			);
			inputPaths = (
				"${PODS_PODFILE_DIR_PATH}/Podfile.lock",
				"${PODS_ROOT}/Manifest.lock",
			);
			name = "[CP] Check Pods Manifest.lock";
			outputFileListPaths = (
			);
			outputPaths = (
				"$(DERIVED_FILE_DIR)/Pods-Po_Calculator-checkManifestLockResult.txt",
			);
			runOnlyForDeploymentPostprocessing = 0;
			shellPath = /bin/sh;
			shellScript = "diff \"${PODS_PODFILE_DIR_PATH}/Podfile.lock\" \"${PODS_ROOT}/Manifest.lock\" > /dev/null\nif [ $? != 0 ] ; then\n    # print error to STDERR\n    echo \"error: The sandbox is not in sync with the Podfile.lock. Run 'pod install' or update your CocoaPods installation.\" >&2\n    exit 1\nfi\n# This output is used by Xcode 'outputs' to avoid re-running this script phase.\necho \"SUCCESS\" > \"${SCRIPT_OUTPUT_FILE_0}\"\n";
			showEnvVarsInLog = 0;
		};
		5B7077F1276F2427C2416351 /* [CP] Embed Pods Frameworks */ = {
			isa = PBXShellScriptBuildPhase;
			buildActionMask = 2147483647;
			files = (
			);
			inputFileListPaths = (
				"${PODS_ROOT}/Target Support Files/Pods-Po_Calculator/Pods-Po_Calculator-frameworks-${CONFIGURATION}-input-files.xcfilelist",
			);
			name = "[CP] Embed Pods Frameworks";
			outputFileListPaths = (
				"${PODS_ROOT}/Target Support Files/Pods-Po_Calculator/Pods-Po_Calculator-frameworks-${CONFIGURATION}-output-files.xcfilelist",
			);
			runOnlyForDeploymentPostprocessing = 0;
			shellPath = /bin/sh;
			shellScript = "\"${PODS_ROOT}/Target Support Files/Pods-Po_Calculator/Pods-Po_Calculator-frameworks.sh\"\n";
			showEnvVarsInLog = 0;
		};
/* End PBXShellScriptBuildPhase section */

/* Begin PBXSourcesBuildPhase section */
		3E3520AF24E2713F00AF5FFD /* Sources */ = {
			isa = PBXSourcesBuildPhase;
			buildActionMask = 2147483647;
			files = (
				3E3AEAD524FA9B8400221C42 /* ImageNames.swift in Sources */,
				3E3520BB24E2713F00AF5FFD /* ViewController.swift in Sources */,
				3E794CE224F66456003B616A /* CardTableViewCell.swift in Sources */,
				3E821B0924F3AE5B000243F3 /* CustomCard.swift in Sources */,
				3E9609B824F8FA0500175AAE /* Drag.swift in Sources */,
				3E3520B724E2713F00AF5FFD /* AppDelegate.swift in Sources */,
				3E7E4FBE24FA275A0031A0DE /* UIScrollView+Extension.swift in Sources */,
				3E3AEAD224FA455700221C42 /* LineProgressViewController.swift in Sources */,
				3E9609BA24F8FA0D00175AAE /* Drop.swift in Sources */,
				3E0CEA0724F0E6A40079EC8F /* UIViewController+Extension.swift in Sources */,
				3E821B0F24F4D78C000243F3 /* DetailCardViewController.swift in Sources */,
				3E9609BE24F8FB2100175AAE /* ContextMenu.swift in Sources */,
				3EED45B124ECCA87009B305D /* BoardTableViewCell.swift in Sources */,
				3ECC8D2724EAD2A0002B6709 /* PageViewController.swift in Sources */,
				3E0CEA0524F0E6850079EC8F /* UIColor+Extension.swift in Sources */,
				3EA2297924F1FF6900574894 /* BackgroundImageBoardCLVCell.swift in Sources */,
				3ECB12DF24FCF0F900A2BE0C /* SetupCreationBoardViewController.swift in Sources */,
				3EE0850424EA5F9A007455E8 /* LineProgressView.swift in Sources */,
				3E821B0624F3AD57000243F3 /* CustomList.swift in Sources */,
				3EDAAC9624F2057100459F17 /* BackgroundColoBoardCLVCell.swift in Sources */,
				3E3AEAD324FA455700221C42 /* CircleProgressViewController.swift in Sources */,
				3E21D48424F3A584005EFE2C /* CustomBoard.swift in Sources */,
				3E36C52824EC382E0009C771 /* SettingBoardViewController.swift in Sources */,
				3E3520B924E2713F00AF5FFD /* SceneDelegate.swift in Sources */,
				3E9609B524F8F9F100175AAE /* CollectionView.swift in Sources */,
				3E794CE024F660A1003B616A /* ListCollectionViewCell.swift in Sources */,
				3EF5FC7024E3C1E9008D56A0 /* String+Extensions.swift in Sources */,
				3E0CEA0924F0E6B00079EC8F /* UIView+Extension.swift in Sources */,
				3E58B50324F0E799005524EA /* Color.swift in Sources */,
				3E821B0C24F3B03D000243F3 /* CustomCheckList.swift in Sources */,
				3E0CE9FF24F0DB6E0079EC8F /* Database.xcdatamodeld in Sources */,
				3E36C52224EC33D10009C771 /* ListBoardViewController.swift in Sources */,
				3EE0850124EA5F62007455E8 /* ProgressingViewController.swift in Sources */,
				3E36C52424EC35FF0009C771 /* DetailBoardViewController.swift in Sources */,
				3E5F5B4A24F5E1AC00FC2DD6 /* SetupDetailCard.swift in Sources */,
				3E9609B324F8F9E500175AAE /* TableView.swift in Sources */,
				3EDC36CA24F168DC009D0E00 /* CreationBoardViewController.swift in Sources */,
				3E5BECE824E4E5ED008287B7 /* Example.swift in Sources */,
				3EE0850524EA5F9A007455E8 /* CircularProgressView.swift in Sources */,
			);
			runOnlyForDeploymentPostprocessing = 0;
		};
/* End PBXSourcesBuildPhase section */

/* Begin PBXVariantGroup section */
		3E3520C124E2714100AF5FFD /* LaunchScreen.storyboard */ = {
			isa = PBXVariantGroup;
			children = (
				3E3520C224E2714100AF5FFD /* Base */,
			);
			name = LaunchScreen.storyboard;
			sourceTree = "<group>";
		};
/* End PBXVariantGroup section */

/* Begin XCBuildConfiguration section */
		3E3520C524E2714100AF5FFD /* Debug */ = {
			isa = XCBuildConfiguration;
			buildSettings = {
				ALWAYS_SEARCH_USER_PATHS = NO;
				CLANG_ANALYZER_NONNULL = YES;
				CLANG_ANALYZER_NUMBER_OBJECT_CONVERSION = YES_AGGRESSIVE;
				CLANG_CXX_LANGUAGE_STANDARD = "gnu++14";
				CLANG_CXX_LIBRARY = "libc++";
				CLANG_ENABLE_MODULES = YES;
				CLANG_ENABLE_OBJC_ARC = YES;
				CLANG_ENABLE_OBJC_WEAK = YES;
				CLANG_WARN_BLOCK_CAPTURE_AUTORELEASING = YES;
				CLANG_WARN_BOOL_CONVERSION = YES;
				CLANG_WARN_COMMA = YES;
				CLANG_WARN_CONSTANT_CONVERSION = YES;
				CLANG_WARN_DEPRECATED_OBJC_IMPLEMENTATIONS = YES;
				CLANG_WARN_DIRECT_OBJC_ISA_USAGE = YES_ERROR;
				CLANG_WARN_DOCUMENTATION_COMMENTS = YES;
				CLANG_WARN_EMPTY_BODY = YES;
				CLANG_WARN_ENUM_CONVERSION = YES;
				CLANG_WARN_INFINITE_RECURSION = YES;
				CLANG_WARN_INT_CONVERSION = YES;
				CLANG_WARN_NON_LITERAL_NULL_CONVERSION = YES;
				CLANG_WARN_OBJC_IMPLICIT_RETAIN_SELF = YES;
				CLANG_WARN_OBJC_LITERAL_CONVERSION = YES;
				CLANG_WARN_OBJC_ROOT_CLASS = YES_ERROR;
				CLANG_WARN_RANGE_LOOP_ANALYSIS = YES;
				CLANG_WARN_STRICT_PROTOTYPES = YES;
				CLANG_WARN_SUSPICIOUS_MOVE = YES;
				CLANG_WARN_UNGUARDED_AVAILABILITY = YES_AGGRESSIVE;
				CLANG_WARN_UNREACHABLE_CODE = YES;
				CLANG_WARN__DUPLICATE_METHOD_MATCH = YES;
				COPY_PHASE_STRIP = NO;
				DEBUG_INFORMATION_FORMAT = dwarf;
				ENABLE_STRICT_OBJC_MSGSEND = YES;
				ENABLE_TESTABILITY = YES;
				GCC_C_LANGUAGE_STANDARD = gnu11;
				GCC_DYNAMIC_NO_PIC = NO;
				GCC_NO_COMMON_BLOCKS = YES;
				GCC_OPTIMIZATION_LEVEL = 0;
				GCC_PREPROCESSOR_DEFINITIONS = (
					"DEBUG=1",
					"$(inherited)",
				);
				GCC_WARN_64_TO_32_BIT_CONVERSION = YES;
				GCC_WARN_ABOUT_RETURN_TYPE = YES_ERROR;
				GCC_WARN_UNDECLARED_SELECTOR = YES;
				GCC_WARN_UNINITIALIZED_AUTOS = YES_AGGRESSIVE;
				GCC_WARN_UNUSED_FUNCTION = YES;
				GCC_WARN_UNUSED_VARIABLE = YES;
				IPHONEOS_DEPLOYMENT_TARGET = 13.6;
				MTL_ENABLE_DEBUG_INFO = INCLUDE_SOURCE;
				MTL_FAST_MATH = YES;
				ONLY_ACTIVE_ARCH = YES;
				SDKROOT = iphoneos;
				SWIFT_ACTIVE_COMPILATION_CONDITIONS = DEBUG;
				SWIFT_OPTIMIZATION_LEVEL = "-Onone";
			};
			name = Debug;
		};
		3E3520C624E2714100AF5FFD /* Release */ = {
			isa = XCBuildConfiguration;
			buildSettings = {
				ALWAYS_SEARCH_USER_PATHS = NO;
				CLANG_ANALYZER_NONNULL = YES;
				CLANG_ANALYZER_NUMBER_OBJECT_CONVERSION = YES_AGGRESSIVE;
				CLANG_CXX_LANGUAGE_STANDARD = "gnu++14";
				CLANG_CXX_LIBRARY = "libc++";
				CLANG_ENABLE_MODULES = YES;
				CLANG_ENABLE_OBJC_ARC = YES;
				CLANG_ENABLE_OBJC_WEAK = YES;
				CLANG_WARN_BLOCK_CAPTURE_AUTORELEASING = YES;
				CLANG_WARN_BOOL_CONVERSION = YES;
				CLANG_WARN_COMMA = YES;
				CLANG_WARN_CONSTANT_CONVERSION = YES;
				CLANG_WARN_DEPRECATED_OBJC_IMPLEMENTATIONS = YES;
				CLANG_WARN_DIRECT_OBJC_ISA_USAGE = YES_ERROR;
				CLANG_WARN_DOCUMENTATION_COMMENTS = YES;
				CLANG_WARN_EMPTY_BODY = YES;
				CLANG_WARN_ENUM_CONVERSION = YES;
				CLANG_WARN_INFINITE_RECURSION = YES;
				CLANG_WARN_INT_CONVERSION = YES;
				CLANG_WARN_NON_LITERAL_NULL_CONVERSION = YES;
				CLANG_WARN_OBJC_IMPLICIT_RETAIN_SELF = YES;
				CLANG_WARN_OBJC_LITERAL_CONVERSION = YES;
				CLANG_WARN_OBJC_ROOT_CLASS = YES_ERROR;
				CLANG_WARN_RANGE_LOOP_ANALYSIS = YES;
				CLANG_WARN_STRICT_PROTOTYPES = YES;
				CLANG_WARN_SUSPICIOUS_MOVE = YES;
				CLANG_WARN_UNGUARDED_AVAILABILITY = YES_AGGRESSIVE;
				CLANG_WARN_UNREACHABLE_CODE = YES;
				CLANG_WARN__DUPLICATE_METHOD_MATCH = YES;
				COPY_PHASE_STRIP = NO;
				DEBUG_INFORMATION_FORMAT = "dwarf-with-dsym";
				ENABLE_NS_ASSERTIONS = NO;
				ENABLE_STRICT_OBJC_MSGSEND = YES;
				GCC_C_LANGUAGE_STANDARD = gnu11;
				GCC_NO_COMMON_BLOCKS = YES;
				GCC_WARN_64_TO_32_BIT_CONVERSION = YES;
				GCC_WARN_ABOUT_RETURN_TYPE = YES_ERROR;
				GCC_WARN_UNDECLARED_SELECTOR = YES;
				GCC_WARN_UNINITIALIZED_AUTOS = YES_AGGRESSIVE;
				GCC_WARN_UNUSED_FUNCTION = YES;
				GCC_WARN_UNUSED_VARIABLE = YES;
				IPHONEOS_DEPLOYMENT_TARGET = 13.6;
				MTL_ENABLE_DEBUG_INFO = NO;
				MTL_FAST_MATH = YES;
				SDKROOT = iphoneos;
				SWIFT_COMPILATION_MODE = wholemodule;
				SWIFT_OPTIMIZATION_LEVEL = "-O";
				VALIDATE_PRODUCT = YES;
			};
			name = Release;
		};
		3E3520C824E2714100AF5FFD /* Debug */ = {
			isa = XCBuildConfiguration;
			baseConfigurationReference = 54ADD043A1218E6E31B7B8CC /* Pods-Po_Calculator.debug.xcconfig */;
			buildSettings = {
				ASSETCATALOG_COMPILER_APPICON_NAME = AppIcon;
				CODE_SIGN_STYLE = Automatic;
				DEVELOPMENT_TEAM = VXWH8X93WN;
				INFOPLIST_FILE = Po_Calculator/Info.plist;
				IPHONEOS_DEPLOYMENT_TARGET = 13.0;
				LD_RUNPATH_SEARCH_PATHS = (
					"$(inherited)",
					"@executable_path/Frameworks",
				);
				PRODUCT_BUNDLE_IDENTIFIER = "phucly.com.Po-Calculator";
				PRODUCT_NAME = "$(TARGET_NAME)";
				SWIFT_VERSION = 5.0;
				TARGETED_DEVICE_FAMILY = "1,2";
			};
			name = Debug;
		};
		3E3520C924E2714100AF5FFD /* Release */ = {
			isa = XCBuildConfiguration;
			baseConfigurationReference = DE6119362A25DAAFC4915DBD /* Pods-Po_Calculator.release.xcconfig */;
			buildSettings = {
				ASSETCATALOG_COMPILER_APPICON_NAME = AppIcon;
				CODE_SIGN_STYLE = Automatic;
				DEVELOPMENT_TEAM = VXWH8X93WN;
				INFOPLIST_FILE = Po_Calculator/Info.plist;
				IPHONEOS_DEPLOYMENT_TARGET = 13.0;
				LD_RUNPATH_SEARCH_PATHS = (
					"$(inherited)",
					"@executable_path/Frameworks",
				);
				PRODUCT_BUNDLE_IDENTIFIER = "phucly.com.Po-Calculator";
				PRODUCT_NAME = "$(TARGET_NAME)";
				SWIFT_VERSION = 5.0;
				TARGETED_DEVICE_FAMILY = "1,2";
			};
			name = Release;
		};
/* End XCBuildConfiguration section */

/* Begin XCConfigurationList section */
		3E3520AE24E2713F00AF5FFD /* Build configuration list for PBXProject "Po_Calculator" */ = {
			isa = XCConfigurationList;
			buildConfigurations = (
				3E3520C524E2714100AF5FFD /* Debug */,
				3E3520C624E2714100AF5FFD /* Release */,
			);
			defaultConfigurationIsVisible = 0;
			defaultConfigurationName = Release;
		};
		3E3520C724E2714100AF5FFD /* Build configuration list for PBXNativeTarget "Po_Calculator" */ = {
			isa = XCConfigurationList;
			buildConfigurations = (
				3E3520C824E2714100AF5FFD /* Debug */,
				3E3520C924E2714100AF5FFD /* Release */,
			);
			defaultConfigurationIsVisible = 0;
			defaultConfigurationName = Release;
		};
/* End XCConfigurationList section */

/* Begin XCVersionGroup section */
		3E0CE9FD24F0DB6E0079EC8F /* Database.xcdatamodeld */ = {
			isa = XCVersionGroup;
			children = (
				3E0CE9FE24F0DB6E0079EC8F /* Database.xcdatamodel */,
			);
			currentVersion = 3E0CE9FE24F0DB6E0079EC8F /* Database.xcdatamodel */;
			path = Database.xcdatamodeld;
			sourceTree = "<group>";
			versionGroupType = wrapper.xcdatamodel;
		};
/* End XCVersionGroup section */
	};
	rootObject = 3E3520AB24E2713F00AF5FFD /* Project object */;
}
